{
    "_readme": [
        "This file locks the dependencies of your project to a known state",
        "Read more about it at https://getcomposer.org/doc/01-basic-usage.md#composer-lock-the-lock-file",
        "This file is @generated automatically"
    ],
    "content-hash": "729643a731ce7b533e22c34b2dbe5cc0",
    "packages": [
        {
            "name": "league/climate",
            "version": "3.2.1",
            "source": {
                "type": "git",
                "url": "https://github.com/thephpleague/climate.git",
                "reference": "b103fc8faa3780c802cc507d5f0ff534ecc94fb5"
            },
            "dist": {
                "type": "zip",
                "url": "https://api.github.com/repos/thephpleague/climate/zipball/b103fc8faa3780c802cc507d5f0ff534ecc94fb5",
                "reference": "b103fc8faa3780c802cc507d5f0ff534ecc94fb5",
                "shasum": ""
            },
            "require": {
                "php": ">=5.4.0",
                "seld/cli-prompt": "~1.0"
            },
            "require-dev": {
                "mikey179/vfsstream": "~1.4",
                "mockery/mockery": "~0.9",
                "phpunit/phpunit": "~4.6"
            },
            "type": "library",
            "autoload": {
                "psr-4": {
                    "League\\CLImate\\": "src/"
                }
            },
            "notification-url": "http://packagist.org/downloads/",
            "license": [
                "MIT"
            ],
            "authors": [
                {
                    "name": "Joe Tannenbaum",
                    "email": "hey@joe.codes",
                    "homepage": "http://joe.codes/",
                    "role": "Developer"
                }
            ],
            "description": "PHP's best friend for the terminal. CLImate allows you to easily output colored text, special formats, and more.",
            "keywords": [
                "cli",
                "colors",
                "command",
                "php",
                "terminal"
            ],
            "time": "2016-04-04T20:24:59+00:00"
        },
        {
            "name": "seld/cli-prompt",
            "version": "1.0.3",
            "source": {
                "type": "git",
                "url": "https://github.com/Seldaek/cli-prompt.git",
                "reference": "a19a7376a4689d4d94cab66ab4f3c816019ba8dd"
            },
            "dist": {
                "type": "zip",
                "url": "https://api.github.com/repos/Seldaek/cli-prompt/zipball/a19a7376a4689d4d94cab66ab4f3c816019ba8dd",
                "reference": "a19a7376a4689d4d94cab66ab4f3c816019ba8dd",
                "shasum": ""
            },
            "require": {
                "php": ">=5.3"
            },
            "type": "library",
            "extra": {
                "branch-alias": {
                    "dev-master": "1.x-dev"
                }
            },
            "autoload": {
                "psr-4": {
                    "Seld\\CliPrompt\\": "src/"
                }
            },
            "notification-url": "http://packagist.org/downloads/",
            "license": [
                "MIT"
            ],
            "authors": [
                {
                    "name": "Jordi Boggiano",
                    "email": "j.boggiano@seld.be"
                }
            ],
            "description": "Allows you to prompt for user input on the command line, and optionally hide the characters they type",
            "keywords": [
                "cli",
                "console",
                "hidden",
                "input",
                "prompt"
            ],
            "time": "2017-03-18T11:32:45+00:00"
        },
        {
            "name": "sergej-kurakin/diceroller",
            "version": "dev-master",
            "source": {
                "type": "git",
                "url": "https://github.com/sergej-kurakin/dicecalc.git",
                "reference": "3af4edaa3005733f5f2a3e3606b2bc3869b43016"
            },
            "dist": {
                "type": "zip",
                "url": "https://api.github.com/repos/sergej-kurakin/dicecalc/zipball/3af4edaa3005733f5f2a3e3606b2bc3869b43016",
                "reference": "3af4edaa3005733f5f2a3e3606b2bc3869b43016",
                "shasum": ""
            },
            "require": {
                "php": ">=5.4"
            },
            "require-dev": {
                "friendsofphp/php-cs-fixer": "@stable",
                "jakub-onderka/php-parallel-lint": "^0.9.2",
                "pdepend/pdepend": "@stable",
                "phploc/phploc": "@stable",
                "phpmd/phpmd": "@stable",
                "phpunit/phpunit": "@stable",
                "sebastian/phpcpd": "@stable",
                "sebastian/phpdcd": "@stable",
                "squizlabs/php_codesniffer": "@stable"
            },
            "type": "library",
            "autoload": {
                "psr-4": {
                    "DiceCalc\\": "src/DiceCalc"
                }
            },
            "notification-url": "http://packagist.org/downloads/",
            "license": [
                "MIT"
            ],
            "authors": [
                {
                    "name": "Owen Winkler",
                    "email": "a_github@midnightcircus.com"
                }
            ],
            "description": "Dice Roller, PSR compatible fork from https://github.com/ringmaster/dicecalc",
            "keywords": [
                "dice",
                "dice calc",
                "dice calculator",
                "dice roller"
            ],
            "time": "2016-05-29 07:44:14"
        }
    ],
    "packages-dev": [],
    "aliases": [],
    "minimum-stability": "stable",
    "stability-flags": {
        "sergej-kurakin/diceroller": 20
    },
    "prefer-stable": false,
    "prefer-lowest": false,
    "platform": [],
    "platform-dev": []
}
